
Microsoft Visual Studio Solution File, Format Version 12.00
# Visual Studio 15
VisualStudioVersion = 15.0.28307.421
MinimumVisualStudioVersion = 10.0.40219.1
Project("{FAE04EC0-301F-11D3-BF4B-00C04F79EFBC}") = "ConsoleBatchEmerytura", "ConsoleBatchEmerytura\ConsoleBatchEmerytura.csproj", "{07552E05-A327-467F-BE4E-262F6A0E006C}"
EndProject
Global
	GlobalSection(SolutionConfigurationPlatforms) = preSolution
		Debug|Any CPU = Debug|Any CPU
		Release|Any CPU = Release|Any CPU
	EndGlobalSection
	GlobalSection(ProjectConfigurationPlatforms) = postSolution
		{07552E05-A327-467F-BE4E-262F6A0E006C}.Debug|Any CPU.ActiveCfg = Debug|Any CPU
		{07552E05-A327-467F-BE4E-262F6A0E006C}.Debug|Any CPU.Build.0 = Debug|Any CPU
		{07552E05-A327-467F-BE4E-262F6A0E006C}.Release|Any CPU.ActiveCfg = Release|Any CPU
		{07552E05-A327-467F-BE4E-262F6A0E006C}.Release|Any CPU.Build.0 = Release|Any CPU
	EndGlobalSection
	GlobalSection(SolutionProperties) = preSolution
		HideSolutionNode = FALSE
	EndGlobalSection
	GlobalSection(ExtensibilityGlobals) = postSolution
		SolutionGuid = {D50FA03F-D832-4ED5-945D-9649829FAD60}
	EndGlobalSection
EndGlobal
